PODS:
  - ActionSheetPicker-3.0 (2.4.2)
  - Alamofire (4.9.1)
  - Cosmos (21.0.0)
  - CreditCardForm (0.1.8)
  - FBSDKCoreKit (5.15.1):
    - FBSDKCoreKit/Basics (= 5.15.1)
    - FBSDKCoreKit/Core (= 5.15.1)
  - FBSDKCoreKit/Basics (5.15.1)
  - FBSDKCoreKit/Core (5.15.1):
    - FBSDKCoreKit/Basics
  - FBSDKLoginKit (5.15.1):
    - FBSDKLoginKit/Login (= 5.15.1)
  - FBSDKLoginKit/Login (5.15.1):
    - FBSDKCoreKit (~> 5.0)
  - FSPagerView (0.8.3)
  - GoogleSignIn (4.4.0):
    - "GoogleToolboxForMac/NSDictionary+URLArguments (~> 2.1)"
    - "GoogleToolboxForMac/NSString+URLArguments (~> 2.1)"
    - GTMSessionFetcher/Core (~> 1.1)
  - GoogleToolboxForMac/DebugUtils (2.2.2):
    - GoogleToolboxForMac/Defines (= 2.2.2)
  - GoogleToolboxForMac/Defines (2.2.2)
  - "GoogleToolboxForMac/NSDictionary+URLArguments (2.2.2)":
    - GoogleToolboxForMac/DebugUtils (= 2.2.2)
    - GoogleToolboxForMac/Defines (= 2.2.2)
    - "GoogleToolboxForMac/NSString+URLArguments (= 2.2.2)"
  - "GoogleToolboxForMac/NSString+URLArguments (2.2.2)"
  - GSImageViewerController (1.6.2)
  - GTMSessionFetcher/Core (1.3.0)
  - KWVerificationCodeView (0.4.0)
  - MBRadioCheckboxButton (2.0)
  - RSKPlaceholderTextView (6.0.3)
  - SDWebImage (5.5.2):
    - SDWebImage/Core (= 5.5.2)
  - SDWebImage/Core (5.5.2)
  - Stripe (19.2.0)
  - SVProgressHUD (2.2.5)
  - VSTwitterTextCounter (0.1.3)
  - WMSegmentControl (0.1.15)

DEPENDENCIES:
  - ActionSheetPicker-3.0
  - Alamofire
  - Cosmos
  - CreditCardForm
  - FBSDKLoginKit
  - FSPagerView
  - GoogleSignIn (~> 4.0)
  - GSImageViewerController
  - KWVerificationCodeView
  - MBRadioCheckboxButton
  - RSKPlaceholderTextView
  - SDWebImage
  - Stripe
  - SVProgressHUD
  - VSTwitterTextCounter
  - WMSegmentControl

SPEC REPOS:
  trunk:
    - ActionSheetPicker-3.0
    - Alamofire
    - Cosmos
    - CreditCardForm
    - FBSDKCoreKit
    - FBSDKLoginKit
    - FSPagerView
    - GoogleSignIn
    - GoogleToolboxForMac
    - GSImageViewerController
    - GTMSessionFetcher
    - KWVerificationCodeView
    - MBRadioCheckboxButton
    - RSKPlaceholderTextView
    - SDWebImage
    - Stripe
    - SVProgressHUD
    - VSTwitterTextCounter
    - WMSegmentControl

SPEC CHECKSUMS:
  ActionSheetPicker-3.0: 5b62e07b00bd970509cf5ece99cb7447eae5dd0d
  Alamofire: 85e8a02c69d6020a0d734f6054870d7ecb75cf18
  Cosmos: 3dfb6e4ba48bd48b8c9aa2a77048ae11ed114f96
  CreditCardForm: 7e67bc394545eda9e502652af0858552b4931728
  FBSDKCoreKit: 1d5acf7c9d7a2f92bb1a242dc60cae5b7adb91df
  FBSDKLoginKit: f1ea8026a58b52d30c9f2e6a58ca7d813619fb83
  FSPagerView: 670405b2f18e2a87fa37f20b00de783e562c25a8
  GoogleSignIn: 7ff245e1a7b26d379099d3243a562f5747e23d39
  GoogleToolboxForMac: 800648f8b3127618c1b59c7f97684427630c5ea3
  GSImageViewerController: 3b8fb7d2ab7596152329d7910eeb1905b2284cb9
  GTMSessionFetcher: 43b8b64263023d4f32caa0b40f4c8bfa3c5f36d8
  KWVerificationCodeView: 92cca6ad028546d3232fa75cda3a40d00109a1a2
  MBRadioCheckboxButton: 6e2a2cdc441e292e45b64c4e65eb8fc1fc05eef2
  RSKPlaceholderTextView: fc8c8932546298ec9d5e5572284aa42adb87b066
  SDWebImage: 4d5c027c935438f341ed33dbac53ff9f479922ca
  Stripe: d481c2dab9a892fd923f097f854661217f70dc7f
  SVProgressHUD: 1428aafac632c1f86f62aa4243ec12008d7a51d6
  VSTwitterTextCounter: 1703eefe7f06951b8aab3110e5779a793d67fc43
  WMSegmentControl: 573b8175545c1342fca7c2494c0bf93aa0a98454

PODFILE CHECKSUM: a79dbea22782fa0b0943f1154bb56bb88a6d02fe

COCOAPODS: 1.9.0
